
Microsoft Visual Studio Solution File, Format Version 12.00
# Visual Studio Version 17
VisualStudioVersion = 17.5.2.0
MinimumVisualStudioVersion = 10.0.40219.1
Project("{FAE04EC0-301F-11D3-BF4B-00C04F79EFBC}") = "01_HelloWorld", "01_HelloWorld\01_HelloWorld.csproj", "{9ED09793-2F82-3A9C-18AA-867F4FF7012E}"
EndProject
Project("{FAE04EC0-301F-11D3-BF4B-00C04F79EFBC}") = "02_DisplayConstants", "02_DisplayConstants\02_DisplayConstants.csproj", "{EC5C1FD5-285B-4D04-A58D-36E4B8B74E49}"
EndProject
Project("{2150E333-8FDC-42A3-9474-1A3956D46DE8}") = "02", "02", "{90C0C08D-8EBE-550D-E0B5-AEEA9C22D46E}"
EndProject
Project("{FAE04EC0-301F-11D3-BF4B-00C04F79EFBC}") = "Comment", "02\Comment\Comment.csproj", "{C12CA2A1-BC3E-5E33-3F86-CB715C4C9A16}"
EndProject
Project("{FAE04EC0-301F-11D3-BF4B-00C04F79EFBC}") = "Variables", "02\Variables\Variables.csproj", "{9518B036-88B8-78E2-8144-7D9F90895B79}"
EndProject
Project("{FAE04EC0-301F-11D3-BF4B-00C04F79EFBC}") = "PrimitiveTypesToBinary", "02\PrimitiveTypesToBinary\PrimitiveTypesToBinary.csproj", "{47887606-DD6A-27D3-24C3-2EAC4F99BE5C}"
EndProject
Project("{2150E333-8FDC-42A3-9474-1A3956D46DE8}") = "03", "03", "{296032B5-9ABF-E3B8-7628-92A72283A574}"
EndProject
Project("{FAE04EC0-301F-11D3-BF4B-00C04F79EFBC}") = "TypeConversion", "03\TypeConversion\TypeConversion.csproj", "{8AE496EE-CE85-4288-A791-400D1F157CAD}"
EndProject
Project("{FAE04EC0-301F-11D3-BF4B-00C04F79EFBC}") = "ExplicitConversion", "03\ExplicitConversion\ExplicitConversion.csproj", "{3C5A00C5-10C4-4006-8682-4C186A04989B}"
EndProject
Project("{FAE04EC0-301F-11D3-BF4B-00C04F79EFBC}") = "Calculator", "03\Calculator\Calculator.csproj", "{411777F6-5D5E-4685-9FDE-3A8ABC787156}"
EndProject
Project("{FAE04EC0-301F-11D3-BF4B-00C04F79EFBC}") = "IncrementAndDecrementOperators", "03\IncrementAndDecrementOperators\IncrementAndDecrementOperators.csproj", "{1383149E-4960-45E2-84FE-DF1A75078495}"
EndProject
Project("{FAE04EC0-301F-11D3-BF4B-00C04F79EFBC}") = "BitFlag", "03\BitFlag\BitFlag.csproj", "{D6238B52-F42A-49BA-88EF-8F3D96818566}"
EndProject
Project("{FAE04EC0-301F-11D3-BF4B-00C04F79EFBC}") = "BitwiseMultiplicationAndDividation", "03\BitwiseMultiplicationAndDividation\BitwiseMultiplicationAndDividation.csproj", "{8E660097-0501-4DEF-B109-905B9EF11339}"
EndProject
Project("{FAE04EC0-301F-11D3-BF4B-00C04F79EFBC}") = "ASCIICodeHelloWorld", "03\ASCIICodeHelloWorld\ASCIICodeHelloWorld.csproj", "{43E6399B-E1F0-4B0D-AFE0-E9FC3CF32163}"
EndProject
Project("{FAE04EC0-301F-11D3-BF4B-00C04F79EFBC}") = "StringInterpolation", "03\StringInterpolation\StringInterpolation.csproj", "{9891C364-F1F2-43ED-9C12-D42B71D23CF0}"
EndProject
Project("{FAE04EC0-301F-11D3-BF4B-00C04F79EFBC}") = "InsertStudentInformation", "03\InsertStudentInformation\InsertStudentInformation.csproj", "{4FF7B50C-BCA4-41EA-A202-33E00735EA1E}"
EndProject
Project("{2150E333-8FDC-42A3-9474-1A3956D46DE8}") = "04", "04", "{323CD3D6-9173-0722-1A84-D17C70DFCCFA}"
EndProject
Project("{FAE04EC0-301F-11D3-BF4B-00C04F79EFBC}") = "InsertStudentInformation2", "04\InsertStudentInformation2\InsertStudentInformation2.csproj", "{69EE1947-1EE4-4917-A81B-6BB8DA09C251}"
EndProject
Project("{FAE04EC0-301F-11D3-BF4B-00C04F79EFBC}") = "LogicalExpressions", "04\LogicalExpressions\LogicalExpressions.csproj", "{8C29A79D-0EB2-4589-8E61-81F472FCEC2B}"
EndProject
Project("{FAE04EC0-301F-11D3-BF4B-00C04F79EFBC}") = "OrderOfExpressionEvaluation", "04\OrderOfExpressionEvaluation\OrderOfExpressionEvaluation.csproj", "{8700B7DB-1AA1-44B1-8B29-8B2DEE26305C}"
EndProject
Project("{2150E333-8FDC-42A3-9474-1A3956D46DE8}") = "05", "05", "{8D732E59-9706-F40E-D1C7-3FD034A8AA7D}"
EndProject
Project("{FAE04EC0-301F-11D3-BF4B-00C04F79EFBC}") = "CalculatorWithSwitchStatement", "05\CalculatorWithSwitchStatement\CalculatorWithSwitchStatement.csproj", "{13E0C655-F2F6-42DE-AB16-D6CA393F7DA7}"
EndProject
Project("{FAE04EC0-301F-11D3-BF4B-00C04F79EFBC}") = "InsertStudentInformation3", "05\InsertStudentInformation3\InsertStudentInformation3.csproj", "{16B89F18-8773-477D-A580-20B5B2CAC3BC}"
EndProject
Project("{FAE04EC0-301F-11D3-BF4B-00C04F79EFBC}") = "AddTwo2dArrays", "05\AddTwo2dArrays\AddTwo2dArrays.csproj", "{1A2A7198-0826-48F4-8DE0-124381836834}"
EndProject
Project("{FAE04EC0-301F-11D3-BF4B-00C04F79EFBC}") = "Sum", "05\Sum\Sum.csproj", "{BB355A1C-5613-45BF-BBBF-1002EAB01D38}"
EndProject
Project("{FAE04EC0-301F-11D3-BF4B-00C04F79EFBC}") = "InfiniteWhileLoop", "05\InfiniteWhileLoop\InfiniteWhileLoop.csproj", "{1CFF119C-4FD4-46C0-ACAA-8650F9E6D4F6}"
EndProject
Project("{FAE04EC0-301F-11D3-BF4B-00C04F79EFBC}") = "function", "05\function\function.csproj", "{3B4FAD56-3E85-4379-874A-2B319119077B}"
EndProject
Project("{2150E333-8FDC-42A3-9474-1A3956D46DE8}") = "06", "06", "{E89A2F7A-0448-E749-C7CF-65632820F9C1}"
EndProject
Project("{FAE04EC0-301F-11D3-BF4B-00C04F79EFBC}") = "Functions", "06\Functions\Functions.csproj", "{F1B9630A-3058-4435-8624-32680B6A189C}"
EndProject
Project("{FAE04EC0-301F-11D3-BF4B-00C04F79EFBC}") = "Scope", "06\Scope\Scope.csproj", "{0A66248B-46CA-4E16-81CE-4D90D56761CC}"
EndProject
Project("{FAE04EC0-301F-11D3-BF4B-00C04F79EFBC}") = "InputValidationUsingAssert", "06\InputValidationUsingAssert\InputValidationUsingAssert.csproj", "{94B2B18E-EAE7-416B-89CC-679F46C8EBF2}"
EndProject
Project("{2150E333-8FDC-42A3-9474-1A3956D46DE8}") = "09", "09", "{362B53DA-4DF9-E3E9-0B35-1FDA6110D520}"
EndProject
Project("{FAE04EC0-301F-11D3-BF4B-00C04F79EFBC}") = "ArrayQuiz", "09\ArrayQuiz\ArrayQuiz.csproj", "{871C76CA-E3AB-4FF9-AD12-8FE24EB1473A}"
EndProject
Project("{2150E333-8FDC-42A3-9474-1A3956D46DE8}") = "07", "07", "{2C9E502E-D04B-3D3D-DCF5-AD1D46DACA15}"
EndProject
Project("{FAE04EC0-301F-11D3-BF4B-00C04F79EFBC}") = "RandomShuffling", "07\RandomShuffling\RandomShuffling.csproj", "{758088D0-CD58-4E79-838F-58EA2B692B25}"
EndProject
Project("{FAE04EC0-301F-11D3-BF4B-00C04F79EFBC}") = "RecursiveFactorial", "07\RecursiveFactorial\RecursiveFactorial.csproj", "{F0225838-2AF1-4C9B-8CB6-F899260B45E5}"
EndProject
Project("{FAE04EC0-301F-11D3-BF4B-00C04F79EFBC}") = "ArrayOfArrays", "09\ArrayOfArrays\ArrayOfArrays.csproj", "{B606D278-4665-4AF3-84E0-C550A3EBD0A7}"
EndProject
Project("{FAE04EC0-301F-11D3-BF4B-00C04F79EFBC}") = "ParseTextMessage", "09\ParseTextMessage\ParseTextMessage.csproj", "{0B376C21-3DAE-4BFF-BD78-689447498D73}"
EndProject
Project("{FAE04EC0-301F-11D3-BF4B-00C04F79EFBC}") = "FunctionOverloading", "09\FunctionOverloading\FunctionOverloading.csproj", "{1597D528-9859-4CBA-92D8-D108960ABFD9}"
EndProject
Global
	GlobalSection(SolutionConfigurationPlatforms) = preSolution
		Debug|Any CPU = Debug|Any CPU
		Debug|x64 = Debug|x64
		Debug|x86 = Debug|x86
		Release|Any CPU = Release|Any CPU
		Release|x64 = Release|x64
		Release|x86 = Release|x86
	EndGlobalSection
	GlobalSection(ProjectConfigurationPlatforms) = postSolution
		{9ED09793-2F82-3A9C-18AA-867F4FF7012E}.Debug|Any CPU.ActiveCfg = Debug|Any CPU
		{9ED09793-2F82-3A9C-18AA-867F4FF7012E}.Debug|Any CPU.Build.0 = Debug|Any CPU
		{9ED09793-2F82-3A9C-18AA-867F4FF7012E}.Debug|x64.ActiveCfg = Debug|Any CPU
		{9ED09793-2F82-3A9C-18AA-867F4FF7012E}.Debug|x64.Build.0 = Debug|Any CPU
		{9ED09793-2F82-3A9C-18AA-867F4FF7012E}.Debug|x86.ActiveCfg = Debug|Any CPU
		{9ED09793-2F82-3A9C-18AA-867F4FF7012E}.Debug|x86.Build.0 = Debug|Any CPU
		{9ED09793-2F82-3A9C-18AA-867F4FF7012E}.Release|Any CPU.ActiveCfg = Release|Any CPU
		{9ED09793-2F82-3A9C-18AA-867F4FF7012E}.Release|Any CPU.Build.0 = Release|Any CPU
		{9ED09793-2F82-3A9C-18AA-867F4FF7012E}.Release|x64.ActiveCfg = Release|Any CPU
		{9ED09793-2F82-3A9C-18AA-867F4FF7012E}.Release|x64.Build.0 = Release|Any CPU
		{9ED09793-2F82-3A9C-18AA-867F4FF7012E}.Release|x86.ActiveCfg = Release|Any CPU
		{9ED09793-2F82-3A9C-18AA-867F4FF7012E}.Release|x86.Build.0 = Release|Any CPU
		{EC5C1FD5-285B-4D04-A58D-36E4B8B74E49}.Debug|Any CPU.ActiveCfg = Debug|Any CPU
		{EC5C1FD5-285B-4D04-A58D-36E4B8B74E49}.Debug|Any CPU.Build.0 = Debug|Any CPU
		{EC5C1FD5-285B-4D04-A58D-36E4B8B74E49}.Debug|x64.ActiveCfg = Debug|Any CPU
		{EC5C1FD5-285B-4D04-A58D-36E4B8B74E49}.Debug|x64.Build.0 = Debug|Any CPU
		{EC5C1FD5-285B-4D04-A58D-36E4B8B74E49}.Debug|x86.ActiveCfg = Debug|Any CPU
		{EC5C1FD5-285B-4D04-A58D-36E4B8B74E49}.Debug|x86.Build.0 = Debug|Any CPU
		{EC5C1FD5-285B-4D04-A58D-36E4B8B74E49}.Release|Any CPU.ActiveCfg = Release|Any CPU
		{EC5C1FD5-285B-4D04-A58D-36E4B8B74E49}.Release|Any CPU.Build.0 = Release|Any CPU
		{EC5C1FD5-285B-4D04-A58D-36E4B8B74E49}.Release|x64.ActiveCfg = Release|Any CPU
		{EC5C1FD5-285B-4D04-A58D-36E4B8B74E49}.Release|x64.Build.0 = Release|Any CPU
		{EC5C1FD5-285B-4D04-A58D-36E4B8B74E49}.Release|x86.ActiveCfg = Release|Any CPU
		{EC5C1FD5-285B-4D04-A58D-36E4B8B74E49}.Release|x86.Build.0 = Release|Any CPU
		{C12CA2A1-BC3E-5E33-3F86-CB715C4C9A16}.Debug|Any CPU.ActiveCfg = Debug|Any CPU
		{C12CA2A1-BC3E-5E33-3F86-CB715C4C9A16}.Debug|Any CPU.Build.0 = Debug|Any CPU
		{C12CA2A1-BC3E-5E33-3F86-CB715C4C9A16}.Debug|x64.ActiveCfg = Debug|Any CPU
		{C12CA2A1-BC3E-5E33-3F86-CB715C4C9A16}.Debug|x64.Build.0 = Debug|Any CPU
		{C12CA2A1-BC3E-5E33-3F86-CB715C4C9A16}.Debug|x86.ActiveCfg = Debug|Any CPU
		{C12CA2A1-BC3E-5E33-3F86-CB715C4C9A16}.Debug|x86.Build.0 = Debug|Any CPU
		{C12CA2A1-BC3E-5E33-3F86-CB715C4C9A16}.Release|Any CPU.ActiveCfg = Release|Any CPU
		{C12CA2A1-BC3E-5E33-3F86-CB715C4C9A16}.Release|Any CPU.Build.0 = Release|Any CPU
		{C12CA2A1-BC3E-5E33-3F86-CB715C4C9A16}.Release|x64.ActiveCfg = Release|Any CPU
		{C12CA2A1-BC3E-5E33-3F86-CB715C4C9A16}.Release|x64.Build.0 = Release|Any CPU
		{C12CA2A1-BC3E-5E33-3F86-CB715C4C9A16}.Release|x86.ActiveCfg = Release|Any CPU
		{C12CA2A1-BC3E-5E33-3F86-CB715C4C9A16}.Release|x86.Build.0 = Release|Any CPU
		{9518B036-88B8-78E2-8144-7D9F90895B79}.Debug|Any CPU.ActiveCfg = Debug|Any CPU
		{9518B036-88B8-78E2-8144-7D9F90895B79}.Debug|Any CPU.Build.0 = Debug|Any CPU
		{9518B036-88B8-78E2-8144-7D9F90895B79}.Debug|x64.ActiveCfg = Debug|Any CPU
		{9518B036-88B8-78E2-8144-7D9F90895B79}.Debug|x64.Build.0 = Debug|Any CPU
		{9518B036-88B8-78E2-8144-7D9F90895B79}.Debug|x86.ActiveCfg = Debug|Any CPU
		{9518B036-88B8-78E2-8144-7D9F90895B79}.Debug|x86.Build.0 = Debug|Any CPU
		{9518B036-88B8-78E2-8144-7D9F90895B79}.Release|Any CPU.ActiveCfg = Release|Any CPU
		{9518B036-88B8-78E2-8144-7D9F90895B79}.Release|Any CPU.Build.0 = Release|Any CPU
		{9518B036-88B8-78E2-8144-7D9F90895B79}.Release|x64.ActiveCfg = Release|Any CPU
		{9518B036-88B8-78E2-8144-7D9F90895B79}.Release|x64.Build.0 = Release|Any CPU
		{9518B036-88B8-78E2-8144-7D9F90895B79}.Release|x86.ActiveCfg = Release|Any CPU
		{9518B036-88B8-78E2-8144-7D9F90895B79}.Release|x86.Build.0 = Release|Any CPU
		{47887606-DD6A-27D3-24C3-2EAC4F99BE5C}.Debug|Any CPU.ActiveCfg = Debug|Any CPU
		{47887606-DD6A-27D3-24C3-2EAC4F99BE5C}.Debug|Any CPU.Build.0 = Debug|Any CPU
		{47887606-DD6A-27D3-24C3-2EAC4F99BE5C}.Debug|x64.ActiveCfg = Debug|Any CPU
		{47887606-DD6A-27D3-24C3-2EAC4F99BE5C}.Debug|x64.Build.0 = Debug|Any CPU
		{47887606-DD6A-27D3-24C3-2EAC4F99BE5C}.Debug|x86.ActiveCfg = Debug|Any CPU
		{47887606-DD6A-27D3-24C3-2EAC4F99BE5C}.Debug|x86.Build.0 = Debug|Any CPU
		{47887606-DD6A-27D3-24C3-2EAC4F99BE5C}.Release|Any CPU.ActiveCfg = Release|Any CPU
		{47887606-DD6A-27D3-24C3-2EAC4F99BE5C}.Release|Any CPU.Build.0 = Release|Any CPU
		{47887606-DD6A-27D3-24C3-2EAC4F99BE5C}.Release|x64.ActiveCfg = Release|Any CPU
		{47887606-DD6A-27D3-24C3-2EAC4F99BE5C}.Release|x64.Build.0 = Release|Any CPU
		{47887606-DD6A-27D3-24C3-2EAC4F99BE5C}.Release|x86.ActiveCfg = Release|Any CPU
		{47887606-DD6A-27D3-24C3-2EAC4F99BE5C}.Release|x86.Build.0 = Release|Any CPU
		{8AE496EE-CE85-4288-A791-400D1F157CAD}.Debug|Any CPU.ActiveCfg = Debug|Any CPU
		{8AE496EE-CE85-4288-A791-400D1F157CAD}.Debug|Any CPU.Build.0 = Debug|Any CPU
		{8AE496EE-CE85-4288-A791-400D1F157CAD}.Debug|x64.ActiveCfg = Debug|Any CPU
		{8AE496EE-CE85-4288-A791-400D1F157CAD}.Debug|x64.Build.0 = Debug|Any CPU
		{8AE496EE-CE85-4288-A791-400D1F157CAD}.Debug|x86.ActiveCfg = Debug|Any CPU
		{8AE496EE-CE85-4288-A791-400D1F157CAD}.Debug|x86.Build.0 = Debug|Any CPU
		{8AE496EE-CE85-4288-A791-400D1F157CAD}.Release|Any CPU.ActiveCfg = Release|Any CPU
		{8AE496EE-CE85-4288-A791-400D1F157CAD}.Release|Any CPU.Build.0 = Release|Any CPU
		{8AE496EE-CE85-4288-A791-400D1F157CAD}.Release|x64.ActiveCfg = Release|Any CPU
		{8AE496EE-CE85-4288-A791-400D1F157CAD}.Release|x64.Build.0 = Release|Any CPU
		{8AE496EE-CE85-4288-A791-400D1F157CAD}.Release|x86.ActiveCfg = Release|Any CPU
		{8AE496EE-CE85-4288-A791-400D1F157CAD}.Release|x86.Build.0 = Release|Any CPU
		{3C5A00C5-10C4-4006-8682-4C186A04989B}.Debug|Any CPU.ActiveCfg = Debug|Any CPU
		{3C5A00C5-10C4-4006-8682-4C186A04989B}.Debug|Any CPU.Build.0 = Debug|Any CPU
		{3C5A00C5-10C4-4006-8682-4C186A04989B}.Debug|x64.ActiveCfg = Debug|Any CPU
		{3C5A00C5-10C4-4006-8682-4C186A04989B}.Debug|x64.Build.0 = Debug|Any CPU
		{3C5A00C5-10C4-4006-8682-4C186A04989B}.Debug|x86.ActiveCfg = Debug|Any CPU
		{3C5A00C5-10C4-4006-8682-4C186A04989B}.Debug|x86.Build.0 = Debug|Any CPU
		{3C5A00C5-10C4-4006-8682-4C186A04989B}.Release|Any CPU.ActiveCfg = Release|Any CPU
		{3C5A00C5-10C4-4006-8682-4C186A04989B}.Release|Any CPU.Build.0 = Release|Any CPU
		{3C5A00C5-10C4-4006-8682-4C186A04989B}.Release|x64.ActiveCfg = Release|Any CPU
		{3C5A00C5-10C4-4006-8682-4C186A04989B}.Release|x64.Build.0 = Release|Any CPU
		{3C5A00C5-10C4-4006-8682-4C186A04989B}.Release|x86.ActiveCfg = Release|Any CPU
		{3C5A00C5-10C4-4006-8682-4C186A04989B}.Release|x86.Build.0 = Release|Any CPU
		{411777F6-5D5E-4685-9FDE-3A8ABC787156}.Debug|Any CPU.ActiveCfg = Debug|Any CPU
		{411777F6-5D5E-4685-9FDE-3A8ABC787156}.Debug|Any CPU.Build.0 = Debug|Any CPU
		{411777F6-5D5E-4685-9FDE-3A8ABC787156}.Debug|x64.ActiveCfg = Debug|Any CPU
		{411777F6-5D5E-4685-9FDE-3A8ABC787156}.Debug|x64.Build.0 = Debug|Any CPU
		{411777F6-5D5E-4685-9FDE-3A8ABC787156}.Debug|x86.ActiveCfg = Debug|Any CPU
		{411777F6-5D5E-4685-9FDE-3A8ABC787156}.Debug|x86.Build.0 = Debug|Any CPU
		{411777F6-5D5E-4685-9FDE-3A8ABC787156}.Release|Any CPU.ActiveCfg = Release|Any CPU
		{411777F6-5D5E-4685-9FDE-3A8ABC787156}.Release|Any CPU.Build.0 = Release|Any CPU
		{411777F6-5D5E-4685-9FDE-3A8ABC787156}.Release|x64.ActiveCfg = Release|Any CPU
		{411777F6-5D5E-4685-9FDE-3A8ABC787156}.Release|x64.Build.0 = Release|Any CPU
		{411777F6-5D5E-4685-9FDE-3A8ABC787156}.Release|x86.ActiveCfg = Release|Any CPU
		{411777F6-5D5E-4685-9FDE-3A8ABC787156}.Release|x86.Build.0 = Release|Any CPU
		{1383149E-4960-45E2-84FE-DF1A75078495}.Debug|Any CPU.ActiveCfg = Debug|Any CPU
		{1383149E-4960-45E2-84FE-DF1A75078495}.Debug|Any CPU.Build.0 = Debug|Any CPU
		{1383149E-4960-45E2-84FE-DF1A75078495}.Debug|x64.ActiveCfg = Debug|Any CPU
		{1383149E-4960-45E2-84FE-DF1A75078495}.Debug|x64.Build.0 = Debug|Any CPU
		{1383149E-4960-45E2-84FE-DF1A75078495}.Debug|x86.ActiveCfg = Debug|Any CPU
		{1383149E-4960-45E2-84FE-DF1A75078495}.Debug|x86.Build.0 = Debug|Any CPU
		{1383149E-4960-45E2-84FE-DF1A75078495}.Release|Any CPU.ActiveCfg = Release|Any CPU
		{1383149E-4960-45E2-84FE-DF1A75078495}.Release|Any CPU.Build.0 = Release|Any CPU
		{1383149E-4960-45E2-84FE-DF1A75078495}.Release|x64.ActiveCfg = Release|Any CPU
		{1383149E-4960-45E2-84FE-DF1A75078495}.Release|x64.Build.0 = Release|Any CPU
		{1383149E-4960-45E2-84FE-DF1A75078495}.Release|x86.ActiveCfg = Release|Any CPU
		{1383149E-4960-45E2-84FE-DF1A75078495}.Release|x86.Build.0 = Release|Any CPU
		{D6238B52-F42A-49BA-88EF-8F3D96818566}.Debug|Any CPU.ActiveCfg = Debug|Any CPU
		{D6238B52-F42A-49BA-88EF-8F3D96818566}.Debug|Any CPU.Build.0 = Debug|Any CPU
		{D6238B52-F42A-49BA-88EF-8F3D96818566}.Debug|x64.ActiveCfg = Debug|Any CPU
		{D6238B52-F42A-49BA-88EF-8F3D96818566}.Debug|x64.Build.0 = Debug|Any CPU
		{D6238B52-F42A-49BA-88EF-8F3D96818566}.Debug|x86.ActiveCfg = Debug|Any CPU
		{D6238B52-F42A-49BA-88EF-8F3D96818566}.Debug|x86.Build.0 = Debug|Any CPU
		{D6238B52-F42A-49BA-88EF-8F3D96818566}.Release|Any CPU.ActiveCfg = Release|Any CPU
		{D6238B52-F42A-49BA-88EF-8F3D96818566}.Release|Any CPU.Build.0 = Release|Any CPU
		{D6238B52-F42A-49BA-88EF-8F3D96818566}.Release|x64.ActiveCfg = Release|Any CPU
		{D6238B52-F42A-49BA-88EF-8F3D96818566}.Release|x64.Build.0 = Release|Any CPU
		{D6238B52-F42A-49BA-88EF-8F3D96818566}.Release|x86.ActiveCfg = Release|Any CPU
		{D6238B52-F42A-49BA-88EF-8F3D96818566}.Release|x86.Build.0 = Release|Any CPU
		{8E660097-0501-4DEF-B109-905B9EF11339}.Debug|Any CPU.ActiveCfg = Debug|Any CPU
		{8E660097-0501-4DEF-B109-905B9EF11339}.Debug|Any CPU.Build.0 = Debug|Any CPU
		{8E660097-0501-4DEF-B109-905B9EF11339}.Debug|x64.ActiveCfg = Debug|Any CPU
		{8E660097-0501-4DEF-B109-905B9EF11339}.Debug|x64.Build.0 = Debug|Any CPU
		{8E660097-0501-4DEF-B109-905B9EF11339}.Debug|x86.ActiveCfg = Debug|Any CPU
		{8E660097-0501-4DEF-B109-905B9EF11339}.Debug|x86.Build.0 = Debug|Any CPU
		{8E660097-0501-4DEF-B109-905B9EF11339}.Release|Any CPU.ActiveCfg = Release|Any CPU
		{8E660097-0501-4DEF-B109-905B9EF11339}.Release|Any CPU.Build.0 = Release|Any CPU
		{8E660097-0501-4DEF-B109-905B9EF11339}.Release|x64.ActiveCfg = Release|Any CPU
		{8E660097-0501-4DEF-B109-905B9EF11339}.Release|x64.Build.0 = Release|Any CPU
		{8E660097-0501-4DEF-B109-905B9EF11339}.Release|x86.ActiveCfg = Release|Any CPU
		{8E660097-0501-4DEF-B109-905B9EF11339}.Release|x86.Build.0 = Release|Any CPU
		{43E6399B-E1F0-4B0D-AFE0-E9FC3CF32163}.Debug|Any CPU.ActiveCfg = Debug|Any CPU
		{43E6399B-E1F0-4B0D-AFE0-E9FC3CF32163}.Debug|Any CPU.Build.0 = Debug|Any CPU
		{43E6399B-E1F0-4B0D-AFE0-E9FC3CF32163}.Debug|x64.ActiveCfg = Debug|Any CPU
		{43E6399B-E1F0-4B0D-AFE0-E9FC3CF32163}.Debug|x64.Build.0 = Debug|Any CPU
		{43E6399B-E1F0-4B0D-AFE0-E9FC3CF32163}.Debug|x86.ActiveCfg = Debug|Any CPU
		{43E6399B-E1F0-4B0D-AFE0-E9FC3CF32163}.Debug|x86.Build.0 = Debug|Any CPU
		{43E6399B-E1F0-4B0D-AFE0-E9FC3CF32163}.Release|Any CPU.ActiveCfg = Release|Any CPU
		{43E6399B-E1F0-4B0D-AFE0-E9FC3CF32163}.Release|Any CPU.Build.0 = Release|Any CPU
		{43E6399B-E1F0-4B0D-AFE0-E9FC3CF32163}.Release|x64.ActiveCfg = Release|Any CPU
		{43E6399B-E1F0-4B0D-AFE0-E9FC3CF32163}.Release|x64.Build.0 = Release|Any CPU
		{43E6399B-E1F0-4B0D-AFE0-E9FC3CF32163}.Release|x86.ActiveCfg = Release|Any CPU
		{43E6399B-E1F0-4B0D-AFE0-E9FC3CF32163}.Release|x86.Build.0 = Release|Any CPU
		{9891C364-F1F2-43ED-9C12-D42B71D23CF0}.Debug|Any CPU.ActiveCfg = Debug|Any CPU
		{9891C364-F1F2-43ED-9C12-D42B71D23CF0}.Debug|Any CPU.Build.0 = Debug|Any CPU
		{9891C364-F1F2-43ED-9C12-D42B71D23CF0}.Debug|x64.ActiveCfg = Debug|Any CPU
		{9891C364-F1F2-43ED-9C12-D42B71D23CF0}.Debug|x64.Build.0 = Debug|Any CPU
		{9891C364-F1F2-43ED-9C12-D42B71D23CF0}.Debug|x86.ActiveCfg = Debug|Any CPU
		{9891C364-F1F2-43ED-9C12-D42B71D23CF0}.Debug|x86.Build.0 = Debug|Any CPU
		{9891C364-F1F2-43ED-9C12-D42B71D23CF0}.Release|Any CPU.ActiveCfg = Release|Any CPU
		{9891C364-F1F2-43ED-9C12-D42B71D23CF0}.Release|Any CPU.Build.0 = Release|Any CPU
		{9891C364-F1F2-43ED-9C12-D42B71D23CF0}.Release|x64.ActiveCfg = Release|Any CPU
		{9891C364-F1F2-43ED-9C12-D42B71D23CF0}.Release|x64.Build.0 = Release|Any CPU
		{9891C364-F1F2-43ED-9C12-D42B71D23CF0}.Release|x86.ActiveCfg = Release|Any CPU
		{9891C364-F1F2-43ED-9C12-D42B71D23CF0}.Release|x86.Build.0 = Release|Any CPU
		{4FF7B50C-BCA4-41EA-A202-33E00735EA1E}.Debug|Any CPU.ActiveCfg = Debug|Any CPU
		{4FF7B50C-BCA4-41EA-A202-33E00735EA1E}.Debug|Any CPU.Build.0 = Debug|Any CPU
		{4FF7B50C-BCA4-41EA-A202-33E00735EA1E}.Debug|x64.ActiveCfg = Debug|Any CPU
		{4FF7B50C-BCA4-41EA-A202-33E00735EA1E}.Debug|x64.Build.0 = Debug|Any CPU
		{4FF7B50C-BCA4-41EA-A202-33E00735EA1E}.Debug|x86.ActiveCfg = Debug|Any CPU
		{4FF7B50C-BCA4-41EA-A202-33E00735EA1E}.Debug|x86.Build.0 = Debug|Any CPU
		{4FF7B50C-BCA4-41EA-A202-33E00735EA1E}.Release|Any CPU.ActiveCfg = Release|Any CPU
		{4FF7B50C-BCA4-41EA-A202-33E00735EA1E}.Release|Any CPU.Build.0 = Release|Any CPU
		{4FF7B50C-BCA4-41EA-A202-33E00735EA1E}.Release|x64.ActiveCfg = Release|Any CPU
		{4FF7B50C-BCA4-41EA-A202-33E00735EA1E}.Release|x64.Build.0 = Release|Any CPU
		{4FF7B50C-BCA4-41EA-A202-33E00735EA1E}.Release|x86.ActiveCfg = Release|Any CPU
		{4FF7B50C-BCA4-41EA-A202-33E00735EA1E}.Release|x86.Build.0 = Release|Any CPU
		{69EE1947-1EE4-4917-A81B-6BB8DA09C251}.Debug|Any CPU.ActiveCfg = Debug|Any CPU
		{69EE1947-1EE4-4917-A81B-6BB8DA09C251}.Debug|Any CPU.Build.0 = Debug|Any CPU
		{69EE1947-1EE4-4917-A81B-6BB8DA09C251}.Debug|x64.ActiveCfg = Debug|Any CPU
		{69EE1947-1EE4-4917-A81B-6BB8DA09C251}.Debug|x64.Build.0 = Debug|Any CPU
		{69EE1947-1EE4-4917-A81B-6BB8DA09C251}.Debug|x86.ActiveCfg = Debug|Any CPU
		{69EE1947-1EE4-4917-A81B-6BB8DA09C251}.Debug|x86.Build.0 = Debug|Any CPU
		{69EE1947-1EE4-4917-A81B-6BB8DA09C251}.Release|Any CPU.ActiveCfg = Release|Any CPU
		{69EE1947-1EE4-4917-A81B-6BB8DA09C251}.Release|Any CPU.Build.0 = Release|Any CPU
		{69EE1947-1EE4-4917-A81B-6BB8DA09C251}.Release|x64.ActiveCfg = Release|Any CPU
		{69EE1947-1EE4-4917-A81B-6BB8DA09C251}.Release|x64.Build.0 = Release|Any CPU
		{69EE1947-1EE4-4917-A81B-6BB8DA09C251}.Release|x86.ActiveCfg = Release|Any CPU
		{69EE1947-1EE4-4917-A81B-6BB8DA09C251}.Release|x86.Build.0 = Release|Any CPU
		{8C29A79D-0EB2-4589-8E61-81F472FCEC2B}.Debug|Any CPU.ActiveCfg = Debug|Any CPU
		{8C29A79D-0EB2-4589-8E61-81F472FCEC2B}.Debug|Any CPU.Build.0 = Debug|Any CPU
		{8C29A79D-0EB2-4589-8E61-81F472FCEC2B}.Debug|x64.ActiveCfg = Debug|Any CPU
		{8C29A79D-0EB2-4589-8E61-81F472FCEC2B}.Debug|x64.Build.0 = Debug|Any CPU
		{8C29A79D-0EB2-4589-8E61-81F472FCEC2B}.Debug|x86.ActiveCfg = Debug|Any CPU
		{8C29A79D-0EB2-4589-8E61-81F472FCEC2B}.Debug|x86.Build.0 = Debug|Any CPU
		{8C29A79D-0EB2-4589-8E61-81F472FCEC2B}.Release|Any CPU.ActiveCfg = Release|Any CPU
		{8C29A79D-0EB2-4589-8E61-81F472FCEC2B}.Release|Any CPU.Build.0 = Release|Any CPU
		{8C29A79D-0EB2-4589-8E61-81F472FCEC2B}.Release|x64.ActiveCfg = Release|Any CPU
		{8C29A79D-0EB2-4589-8E61-81F472FCEC2B}.Release|x64.Build.0 = Release|Any CPU
		{8C29A79D-0EB2-4589-8E61-81F472FCEC2B}.Release|x86.ActiveCfg = Release|Any CPU
		{8C29A79D-0EB2-4589-8E61-81F472FCEC2B}.Release|x86.Build.0 = Release|Any CPU
		{8700B7DB-1AA1-44B1-8B29-8B2DEE26305C}.Debug|Any CPU.ActiveCfg = Debug|Any CPU
		{8700B7DB-1AA1-44B1-8B29-8B2DEE26305C}.Debug|Any CPU.Build.0 = Debug|Any CPU
		{8700B7DB-1AA1-44B1-8B29-8B2DEE26305C}.Debug|x64.ActiveCfg = Debug|Any CPU
		{8700B7DB-1AA1-44B1-8B29-8B2DEE26305C}.Debug|x64.Build.0 = Debug|Any CPU
		{8700B7DB-1AA1-44B1-8B29-8B2DEE26305C}.Debug|x86.ActiveCfg = Debug|Any CPU
		{8700B7DB-1AA1-44B1-8B29-8B2DEE26305C}.Debug|x86.Build.0 = Debug|Any CPU
		{8700B7DB-1AA1-44B1-8B29-8B2DEE26305C}.Release|Any CPU.ActiveCfg = Release|Any CPU
		{8700B7DB-1AA1-44B1-8B29-8B2DEE26305C}.Release|Any CPU.Build.0 = Release|Any CPU
		{8700B7DB-1AA1-44B1-8B29-8B2DEE26305C}.Release|x64.ActiveCfg = Release|Any CPU
		{8700B7DB-1AA1-44B1-8B29-8B2DEE26305C}.Release|x64.Build.0 = Release|Any CPU
		{8700B7DB-1AA1-44B1-8B29-8B2DEE26305C}.Release|x86.ActiveCfg = Release|Any CPU
		{8700B7DB-1AA1-44B1-8B29-8B2DEE26305C}.Release|x86.Build.0 = Release|Any CPU
		{13E0C655-F2F6-42DE-AB16-D6CA393F7DA7}.Debug|Any CPU.ActiveCfg = Debug|Any CPU
		{13E0C655-F2F6-42DE-AB16-D6CA393F7DA7}.Debug|Any CPU.Build.0 = Debug|Any CPU
		{13E0C655-F2F6-42DE-AB16-D6CA393F7DA7}.Debug|x64.ActiveCfg = Debug|Any CPU
		{13E0C655-F2F6-42DE-AB16-D6CA393F7DA7}.Debug|x64.Build.0 = Debug|Any CPU
		{13E0C655-F2F6-42DE-AB16-D6CA393F7DA7}.Debug|x86.ActiveCfg = Debug|Any CPU
		{13E0C655-F2F6-42DE-AB16-D6CA393F7DA7}.Debug|x86.Build.0 = Debug|Any CPU
		{13E0C655-F2F6-42DE-AB16-D6CA393F7DA7}.Release|Any CPU.ActiveCfg = Release|Any CPU
		{13E0C655-F2F6-42DE-AB16-D6CA393F7DA7}.Release|Any CPU.Build.0 = Release|Any CPU
		{13E0C655-F2F6-42DE-AB16-D6CA393F7DA7}.Release|x64.ActiveCfg = Release|Any CPU
		{13E0C655-F2F6-42DE-AB16-D6CA393F7DA7}.Release|x64.Build.0 = Release|Any CPU
		{13E0C655-F2F6-42DE-AB16-D6CA393F7DA7}.Release|x86.ActiveCfg = Release|Any CPU
		{13E0C655-F2F6-42DE-AB16-D6CA393F7DA7}.Release|x86.Build.0 = Release|Any CPU
		{16B89F18-8773-477D-A580-20B5B2CAC3BC}.Debug|Any CPU.ActiveCfg = Debug|Any CPU
		{16B89F18-8773-477D-A580-20B5B2CAC3BC}.Debug|Any CPU.Build.0 = Debug|Any CPU
		{16B89F18-8773-477D-A580-20B5B2CAC3BC}.Debug|x64.ActiveCfg = Debug|Any CPU
		{16B89F18-8773-477D-A580-20B5B2CAC3BC}.Debug|x64.Build.0 = Debug|Any CPU
		{16B89F18-8773-477D-A580-20B5B2CAC3BC}.Debug|x86.ActiveCfg = Debug|Any CPU
		{16B89F18-8773-477D-A580-20B5B2CAC3BC}.Debug|x86.Build.0 = Debug|Any CPU
		{16B89F18-8773-477D-A580-20B5B2CAC3BC}.Release|Any CPU.ActiveCfg = Release|Any CPU
		{16B89F18-8773-477D-A580-20B5B2CAC3BC}.Release|Any CPU.Build.0 = Release|Any CPU
		{16B89F18-8773-477D-A580-20B5B2CAC3BC}.Release|x64.ActiveCfg = Release|Any CPU
		{16B89F18-8773-477D-A580-20B5B2CAC3BC}.Release|x64.Build.0 = Release|Any CPU
		{16B89F18-8773-477D-A580-20B5B2CAC3BC}.Release|x86.ActiveCfg = Release|Any CPU
		{16B89F18-8773-477D-A580-20B5B2CAC3BC}.Release|x86.Build.0 = Release|Any CPU
		{1A2A7198-0826-48F4-8DE0-124381836834}.Debug|Any CPU.ActiveCfg = Debug|Any CPU
		{1A2A7198-0826-48F4-8DE0-124381836834}.Debug|Any CPU.Build.0 = Debug|Any CPU
		{1A2A7198-0826-48F4-8DE0-124381836834}.Debug|x64.ActiveCfg = Debug|Any CPU
		{1A2A7198-0826-48F4-8DE0-124381836834}.Debug|x64.Build.0 = Debug|Any CPU
		{1A2A7198-0826-48F4-8DE0-124381836834}.Debug|x86.ActiveCfg = Debug|Any CPU
		{1A2A7198-0826-48F4-8DE0-124381836834}.Debug|x86.Build.0 = Debug|Any CPU
		{1A2A7198-0826-48F4-8DE0-124381836834}.Release|Any CPU.ActiveCfg = Release|Any CPU
		{1A2A7198-0826-48F4-8DE0-124381836834}.Release|Any CPU.Build.0 = Release|Any CPU
		{1A2A7198-0826-48F4-8DE0-124381836834}.Release|x64.ActiveCfg = Release|Any CPU
		{1A2A7198-0826-48F4-8DE0-124381836834}.Release|x64.Build.0 = Release|Any CPU
		{1A2A7198-0826-48F4-8DE0-124381836834}.Release|x86.ActiveCfg = Release|Any CPU
		{1A2A7198-0826-48F4-8DE0-124381836834}.Release|x86.Build.0 = Release|Any CPU
		{BB355A1C-5613-45BF-BBBF-1002EAB01D38}.Debug|Any CPU.ActiveCfg = Debug|Any CPU
		{BB355A1C-5613-45BF-BBBF-1002EAB01D38}.Debug|Any CPU.Build.0 = Debug|Any CPU
		{BB355A1C-5613-45BF-BBBF-1002EAB01D38}.Debug|x64.ActiveCfg = Debug|Any CPU
		{BB355A1C-5613-45BF-BBBF-1002EAB01D38}.Debug|x64.Build.0 = Debug|Any CPU
		{BB355A1C-5613-45BF-BBBF-1002EAB01D38}.Debug|x86.ActiveCfg = Debug|Any CPU
		{BB355A1C-5613-45BF-BBBF-1002EAB01D38}.Debug|x86.Build.0 = Debug|Any CPU
		{BB355A1C-5613-45BF-BBBF-1002EAB01D38}.Release|Any CPU.ActiveCfg = Release|Any CPU
		{BB355A1C-5613-45BF-BBBF-1002EAB01D38}.Release|Any CPU.Build.0 = Release|Any CPU
		{BB355A1C-5613-45BF-BBBF-1002EAB01D38}.Release|x64.ActiveCfg = Release|Any CPU
		{BB355A1C-5613-45BF-BBBF-1002EAB01D38}.Release|x64.Build.0 = Release|Any CPU
		{BB355A1C-5613-45BF-BBBF-1002EAB01D38}.Release|x86.ActiveCfg = Release|Any CPU
		{BB355A1C-5613-45BF-BBBF-1002EAB01D38}.Release|x86.Build.0 = Release|Any CPU
		{1CFF119C-4FD4-46C0-ACAA-8650F9E6D4F6}.Debug|Any CPU.ActiveCfg = Debug|Any CPU
		{1CFF119C-4FD4-46C0-ACAA-8650F9E6D4F6}.Debug|Any CPU.Build.0 = Debug|Any CPU
		{1CFF119C-4FD4-46C0-ACAA-8650F9E6D4F6}.Debug|x64.ActiveCfg = Debug|Any CPU
		{1CFF119C-4FD4-46C0-ACAA-8650F9E6D4F6}.Debug|x64.Build.0 = Debug|Any CPU
		{1CFF119C-4FD4-46C0-ACAA-8650F9E6D4F6}.Debug|x86.ActiveCfg = Debug|Any CPU
		{1CFF119C-4FD4-46C0-ACAA-8650F9E6D4F6}.Debug|x86.Build.0 = Debug|Any CPU
		{1CFF119C-4FD4-46C0-ACAA-8650F9E6D4F6}.Release|Any CPU.ActiveCfg = Release|Any CPU
		{1CFF119C-4FD4-46C0-ACAA-8650F9E6D4F6}.Release|Any CPU.Build.0 = Release|Any CPU
		{1CFF119C-4FD4-46C0-ACAA-8650F9E6D4F6}.Release|x64.ActiveCfg = Release|Any CPU
		{1CFF119C-4FD4-46C0-ACAA-8650F9E6D4F6}.Release|x64.Build.0 = Release|Any CPU
		{1CFF119C-4FD4-46C0-ACAA-8650F9E6D4F6}.Release|x86.ActiveCfg = Release|Any CPU
		{1CFF119C-4FD4-46C0-ACAA-8650F9E6D4F6}.Release|x86.Build.0 = Release|Any CPU
		{3B4FAD56-3E85-4379-874A-2B319119077B}.Debug|Any CPU.ActiveCfg = Debug|Any CPU
		{3B4FAD56-3E85-4379-874A-2B319119077B}.Debug|Any CPU.Build.0 = Debug|Any CPU
		{3B4FAD56-3E85-4379-874A-2B319119077B}.Debug|x64.ActiveCfg = Debug|Any CPU
		{3B4FAD56-3E85-4379-874A-2B319119077B}.Debug|x64.Build.0 = Debug|Any CPU
		{3B4FAD56-3E85-4379-874A-2B319119077B}.Debug|x86.ActiveCfg = Debug|Any CPU
		{3B4FAD56-3E85-4379-874A-2B319119077B}.Debug|x86.Build.0 = Debug|Any CPU
		{3B4FAD56-3E85-4379-874A-2B319119077B}.Release|Any CPU.ActiveCfg = Release|Any CPU
		{3B4FAD56-3E85-4379-874A-2B319119077B}.Release|Any CPU.Build.0 = Release|Any CPU
		{3B4FAD56-3E85-4379-874A-2B319119077B}.Release|x64.ActiveCfg = Release|Any CPU
		{3B4FAD56-3E85-4379-874A-2B319119077B}.Release|x64.Build.0 = Release|Any CPU
		{3B4FAD56-3E85-4379-874A-2B319119077B}.Release|x86.ActiveCfg = Release|Any CPU
		{3B4FAD56-3E85-4379-874A-2B319119077B}.Release|x86.Build.0 = Release|Any CPU
		{F1B9630A-3058-4435-8624-32680B6A189C}.Debug|Any CPU.ActiveCfg = Debug|Any CPU
		{F1B9630A-3058-4435-8624-32680B6A189C}.Debug|Any CPU.Build.0 = Debug|Any CPU
		{F1B9630A-3058-4435-8624-32680B6A189C}.Debug|x64.ActiveCfg = Debug|Any CPU
		{F1B9630A-3058-4435-8624-32680B6A189C}.Debug|x64.Build.0 = Debug|Any CPU
		{F1B9630A-3058-4435-8624-32680B6A189C}.Debug|x86.ActiveCfg = Debug|Any CPU
		{F1B9630A-3058-4435-8624-32680B6A189C}.Debug|x86.Build.0 = Debug|Any CPU
		{F1B9630A-3058-4435-8624-32680B6A189C}.Release|Any CPU.ActiveCfg = Release|Any CPU
		{F1B9630A-3058-4435-8624-32680B6A189C}.Release|Any CPU.Build.0 = Release|Any CPU
		{F1B9630A-3058-4435-8624-32680B6A189C}.Release|x64.ActiveCfg = Release|Any CPU
		{F1B9630A-3058-4435-8624-32680B6A189C}.Release|x64.Build.0 = Release|Any CPU
		{F1B9630A-3058-4435-8624-32680B6A189C}.Release|x86.ActiveCfg = Release|Any CPU
		{F1B9630A-3058-4435-8624-32680B6A189C}.Release|x86.Build.0 = Release|Any CPU
		{0A66248B-46CA-4E16-81CE-4D90D56761CC}.Debug|Any CPU.ActiveCfg = Debug|Any CPU
		{0A66248B-46CA-4E16-81CE-4D90D56761CC}.Debug|Any CPU.Build.0 = Debug|Any CPU
		{0A66248B-46CA-4E16-81CE-4D90D56761CC}.Debug|x64.ActiveCfg = Debug|Any CPU
		{0A66248B-46CA-4E16-81CE-4D90D56761CC}.Debug|x64.Build.0 = Debug|Any CPU
		{0A66248B-46CA-4E16-81CE-4D90D56761CC}.Debug|x86.ActiveCfg = Debug|Any CPU
		{0A66248B-46CA-4E16-81CE-4D90D56761CC}.Debug|x86.Build.0 = Debug|Any CPU
		{0A66248B-46CA-4E16-81CE-4D90D56761CC}.Release|Any CPU.ActiveCfg = Release|Any CPU
		{0A66248B-46CA-4E16-81CE-4D90D56761CC}.Release|Any CPU.Build.0 = Release|Any CPU
		{0A66248B-46CA-4E16-81CE-4D90D56761CC}.Release|x64.ActiveCfg = Release|Any CPU
		{0A66248B-46CA-4E16-81CE-4D90D56761CC}.Release|x64.Build.0 = Release|Any CPU
		{0A66248B-46CA-4E16-81CE-4D90D56761CC}.Release|x86.ActiveCfg = Release|Any CPU
		{0A66248B-46CA-4E16-81CE-4D90D56761CC}.Release|x86.Build.0 = Release|Any CPU
		{94B2B18E-EAE7-416B-89CC-679F46C8EBF2}.Debug|Any CPU.ActiveCfg = Debug|Any CPU
		{94B2B18E-EAE7-416B-89CC-679F46C8EBF2}.Debug|Any CPU.Build.0 = Debug|Any CPU
		{94B2B18E-EAE7-416B-89CC-679F46C8EBF2}.Debug|x64.ActiveCfg = Debug|Any CPU
		{94B2B18E-EAE7-416B-89CC-679F46C8EBF2}.Debug|x64.Build.0 = Debug|Any CPU
		{94B2B18E-EAE7-416B-89CC-679F46C8EBF2}.Debug|x86.ActiveCfg = Debug|Any CPU
		{94B2B18E-EAE7-416B-89CC-679F46C8EBF2}.Debug|x86.Build.0 = Debug|Any CPU
		{94B2B18E-EAE7-416B-89CC-679F46C8EBF2}.Release|Any CPU.ActiveCfg = Release|Any CPU
		{94B2B18E-EAE7-416B-89CC-679F46C8EBF2}.Release|Any CPU.Build.0 = Release|Any CPU
		{94B2B18E-EAE7-416B-89CC-679F46C8EBF2}.Release|x64.ActiveCfg = Release|Any CPU
		{94B2B18E-EAE7-416B-89CC-679F46C8EBF2}.Release|x64.Build.0 = Release|Any CPU
		{94B2B18E-EAE7-416B-89CC-679F46C8EBF2}.Release|x86.ActiveCfg = Release|Any CPU
		{94B2B18E-EAE7-416B-89CC-679F46C8EBF2}.Release|x86.Build.0 = Release|Any CPU
		{871C76CA-E3AB-4FF9-AD12-8FE24EB1473A}.Debug|Any CPU.ActiveCfg = Debug|Any CPU
		{871C76CA-E3AB-4FF9-AD12-8FE24EB1473A}.Debug|Any CPU.Build.0 = Debug|Any CPU
		{871C76CA-E3AB-4FF9-AD12-8FE24EB1473A}.Debug|x64.ActiveCfg = Debug|Any CPU
		{871C76CA-E3AB-4FF9-AD12-8FE24EB1473A}.Debug|x64.Build.0 = Debug|Any CPU
		{871C76CA-E3AB-4FF9-AD12-8FE24EB1473A}.Debug|x86.ActiveCfg = Debug|Any CPU
		{871C76CA-E3AB-4FF9-AD12-8FE24EB1473A}.Debug|x86.Build.0 = Debug|Any CPU
		{871C76CA-E3AB-4FF9-AD12-8FE24EB1473A}.Release|Any CPU.ActiveCfg = Release|Any CPU
		{871C76CA-E3AB-4FF9-AD12-8FE24EB1473A}.Release|Any CPU.Build.0 = Release|Any CPU
		{871C76CA-E3AB-4FF9-AD12-8FE24EB1473A}.Release|x64.ActiveCfg = Release|Any CPU
		{871C76CA-E3AB-4FF9-AD12-8FE24EB1473A}.Release|x64.Build.0 = Release|Any CPU
		{871C76CA-E3AB-4FF9-AD12-8FE24EB1473A}.Release|x86.ActiveCfg = Release|Any CPU
		{871C76CA-E3AB-4FF9-AD12-8FE24EB1473A}.Release|x86.Build.0 = Release|Any CPU
		{758088D0-CD58-4E79-838F-58EA2B692B25}.Debug|Any CPU.ActiveCfg = Debug|Any CPU
		{758088D0-CD58-4E79-838F-58EA2B692B25}.Debug|Any CPU.Build.0 = Debug|Any CPU
		{758088D0-CD58-4E79-838F-58EA2B692B25}.Debug|x64.ActiveCfg = Debug|Any CPU
		{758088D0-CD58-4E79-838F-58EA2B692B25}.Debug|x64.Build.0 = Debug|Any CPU
		{758088D0-CD58-4E79-838F-58EA2B692B25}.Debug|x86.ActiveCfg = Debug|Any CPU
		{758088D0-CD58-4E79-838F-58EA2B692B25}.Debug|x86.Build.0 = Debug|Any CPU
		{758088D0-CD58-4E79-838F-58EA2B692B25}.Release|Any CPU.ActiveCfg = Release|Any CPU
		{758088D0-CD58-4E79-838F-58EA2B692B25}.Release|Any CPU.Build.0 = Release|Any CPU
		{758088D0-CD58-4E79-838F-58EA2B692B25}.Release|x64.ActiveCfg = Release|Any CPU
		{758088D0-CD58-4E79-838F-58EA2B692B25}.Release|x64.Build.0 = Release|Any CPU
		{758088D0-CD58-4E79-838F-58EA2B692B25}.Release|x86.ActiveCfg = Release|Any CPU
		{758088D0-CD58-4E79-838F-58EA2B692B25}.Release|x86.Build.0 = Release|Any CPU
		{F0225838-2AF1-4C9B-8CB6-F899260B45E5}.Debug|Any CPU.ActiveCfg = Debug|Any CPU
		{F0225838-2AF1-4C9B-8CB6-F899260B45E5}.Debug|Any CPU.Build.0 = Debug|Any CPU
		{F0225838-2AF1-4C9B-8CB6-F899260B45E5}.Debug|x64.ActiveCfg = Debug|Any CPU
		{F0225838-2AF1-4C9B-8CB6-F899260B45E5}.Debug|x64.Build.0 = Debug|Any CPU
		{F0225838-2AF1-4C9B-8CB6-F899260B45E5}.Debug|x86.ActiveCfg = Debug|Any CPU
		{F0225838-2AF1-4C9B-8CB6-F899260B45E5}.Debug|x86.Build.0 = Debug|Any CPU
		{F0225838-2AF1-4C9B-8CB6-F899260B45E5}.Release|Any CPU.ActiveCfg = Release|Any CPU
		{F0225838-2AF1-4C9B-8CB6-F899260B45E5}.Release|Any CPU.Build.0 = Release|Any CPU
		{F0225838-2AF1-4C9B-8CB6-F899260B45E5}.Release|x64.ActiveCfg = Release|Any CPU
		{F0225838-2AF1-4C9B-8CB6-F899260B45E5}.Release|x64.Build.0 = Release|Any CPU
		{F0225838-2AF1-4C9B-8CB6-F899260B45E5}.Release|x86.ActiveCfg = Release|Any CPU
		{F0225838-2AF1-4C9B-8CB6-F899260B45E5}.Release|x86.Build.0 = Release|Any CPU
		{B606D278-4665-4AF3-84E0-C550A3EBD0A7}.Debug|Any CPU.ActiveCfg = Debug|Any CPU
		{B606D278-4665-4AF3-84E0-C550A3EBD0A7}.Debug|Any CPU.Build.0 = Debug|Any CPU
		{B606D278-4665-4AF3-84E0-C550A3EBD0A7}.Debug|x64.ActiveCfg = Debug|Any CPU
		{B606D278-4665-4AF3-84E0-C550A3EBD0A7}.Debug|x64.Build.0 = Debug|Any CPU
		{B606D278-4665-4AF3-84E0-C550A3EBD0A7}.Debug|x86.ActiveCfg = Debug|Any CPU
		{B606D278-4665-4AF3-84E0-C550A3EBD0A7}.Debug|x86.Build.0 = Debug|Any CPU
		{B606D278-4665-4AF3-84E0-C550A3EBD0A7}.Release|Any CPU.ActiveCfg = Release|Any CPU
		{B606D278-4665-4AF3-84E0-C550A3EBD0A7}.Release|Any CPU.Build.0 = Release|Any CPU
		{B606D278-4665-4AF3-84E0-C550A3EBD0A7}.Release|x64.ActiveCfg = Release|Any CPU
		{B606D278-4665-4AF3-84E0-C550A3EBD0A7}.Release|x64.Build.0 = Release|Any CPU
		{B606D278-4665-4AF3-84E0-C550A3EBD0A7}.Release|x86.ActiveCfg = Release|Any CPU
		{B606D278-4665-4AF3-84E0-C550A3EBD0A7}.Release|x86.Build.0 = Release|Any CPU
		{0B376C21-3DAE-4BFF-BD78-689447498D73}.Debug|Any CPU.ActiveCfg = Debug|Any CPU
		{0B376C21-3DAE-4BFF-BD78-689447498D73}.Debug|Any CPU.Build.0 = Debug|Any CPU
		{0B376C21-3DAE-4BFF-BD78-689447498D73}.Debug|x64.ActiveCfg = Debug|Any CPU
		{0B376C21-3DAE-4BFF-BD78-689447498D73}.Debug|x64.Build.0 = Debug|Any CPU
		{0B376C21-3DAE-4BFF-BD78-689447498D73}.Debug|x86.ActiveCfg = Debug|Any CPU
		{0B376C21-3DAE-4BFF-BD78-689447498D73}.Debug|x86.Build.0 = Debug|Any CPU
		{0B376C21-3DAE-4BFF-BD78-689447498D73}.Release|Any CPU.ActiveCfg = Release|Any CPU
		{0B376C21-3DAE-4BFF-BD78-689447498D73}.Release|Any CPU.Build.0 = Release|Any CPU
		{0B376C21-3DAE-4BFF-BD78-689447498D73}.Release|x64.ActiveCfg = Release|Any CPU
		{0B376C21-3DAE-4BFF-BD78-689447498D73}.Release|x64.Build.0 = Release|Any CPU
		{0B376C21-3DAE-4BFF-BD78-689447498D73}.Release|x86.ActiveCfg = Release|Any CPU
		{0B376C21-3DAE-4BFF-BD78-689447498D73}.Release|x86.Build.0 = Release|Any CPU
		{1597D528-9859-4CBA-92D8-D108960ABFD9}.Debug|Any CPU.ActiveCfg = Debug|Any CPU
		{1597D528-9859-4CBA-92D8-D108960ABFD9}.Debug|Any CPU.Build.0 = Debug|Any CPU
		{1597D528-9859-4CBA-92D8-D108960ABFD9}.Debug|x64.ActiveCfg = Debug|Any CPU
		{1597D528-9859-4CBA-92D8-D108960ABFD9}.Debug|x64.Build.0 = Debug|Any CPU
		{1597D528-9859-4CBA-92D8-D108960ABFD9}.Debug|x86.ActiveCfg = Debug|Any CPU
		{1597D528-9859-4CBA-92D8-D108960ABFD9}.Debug|x86.Build.0 = Debug|Any CPU
		{1597D528-9859-4CBA-92D8-D108960ABFD9}.Release|Any CPU.ActiveCfg = Release|Any CPU
		{1597D528-9859-4CBA-92D8-D108960ABFD9}.Release|Any CPU.Build.0 = Release|Any CPU
		{1597D528-9859-4CBA-92D8-D108960ABFD9}.Release|x64.ActiveCfg = Release|Any CPU
		{1597D528-9859-4CBA-92D8-D108960ABFD9}.Release|x64.Build.0 = Release|Any CPU
		{1597D528-9859-4CBA-92D8-D108960ABFD9}.Release|x86.ActiveCfg = Release|Any CPU
		{1597D528-9859-4CBA-92D8-D108960ABFD9}.Release|x86.Build.0 = Release|Any CPU
	EndGlobalSection
	GlobalSection(SolutionProperties) = preSolution
		HideSolutionNode = FALSE
	EndGlobalSection
	GlobalSection(NestedProjects) = preSolution
		{C12CA2A1-BC3E-5E33-3F86-CB715C4C9A16} = {90C0C08D-8EBE-550D-E0B5-AEEA9C22D46E}
		{9518B036-88B8-78E2-8144-7D9F90895B79} = {90C0C08D-8EBE-550D-E0B5-AEEA9C22D46E}
		{47887606-DD6A-27D3-24C3-2EAC4F99BE5C} = {90C0C08D-8EBE-550D-E0B5-AEEA9C22D46E}
		{8AE496EE-CE85-4288-A791-400D1F157CAD} = {296032B5-9ABF-E3B8-7628-92A72283A574}
		{3C5A00C5-10C4-4006-8682-4C186A04989B} = {296032B5-9ABF-E3B8-7628-92A72283A574}
		{411777F6-5D5E-4685-9FDE-3A8ABC787156} = {296032B5-9ABF-E3B8-7628-92A72283A574}
		{1383149E-4960-45E2-84FE-DF1A75078495} = {296032B5-9ABF-E3B8-7628-92A72283A574}
		{D6238B52-F42A-49BA-88EF-8F3D96818566} = {296032B5-9ABF-E3B8-7628-92A72283A574}
		{8E660097-0501-4DEF-B109-905B9EF11339} = {296032B5-9ABF-E3B8-7628-92A72283A574}
		{43E6399B-E1F0-4B0D-AFE0-E9FC3CF32163} = {296032B5-9ABF-E3B8-7628-92A72283A574}
		{9891C364-F1F2-43ED-9C12-D42B71D23CF0} = {296032B5-9ABF-E3B8-7628-92A72283A574}
		{4FF7B50C-BCA4-41EA-A202-33E00735EA1E} = {296032B5-9ABF-E3B8-7628-92A72283A574}
		{69EE1947-1EE4-4917-A81B-6BB8DA09C251} = {323CD3D6-9173-0722-1A84-D17C70DFCCFA}
		{8C29A79D-0EB2-4589-8E61-81F472FCEC2B} = {323CD3D6-9173-0722-1A84-D17C70DFCCFA}
		{8700B7DB-1AA1-44B1-8B29-8B2DEE26305C} = {323CD3D6-9173-0722-1A84-D17C70DFCCFA}
		{13E0C655-F2F6-42DE-AB16-D6CA393F7DA7} = {8D732E59-9706-F40E-D1C7-3FD034A8AA7D}
		{16B89F18-8773-477D-A580-20B5B2CAC3BC} = {8D732E59-9706-F40E-D1C7-3FD034A8AA7D}
		{1A2A7198-0826-48F4-8DE0-124381836834} = {8D732E59-9706-F40E-D1C7-3FD034A8AA7D}
		{BB355A1C-5613-45BF-BBBF-1002EAB01D38} = {8D732E59-9706-F40E-D1C7-3FD034A8AA7D}
		{1CFF119C-4FD4-46C0-ACAA-8650F9E6D4F6} = {8D732E59-9706-F40E-D1C7-3FD034A8AA7D}
		{3B4FAD56-3E85-4379-874A-2B319119077B} = {8D732E59-9706-F40E-D1C7-3FD034A8AA7D}
		{F1B9630A-3058-4435-8624-32680B6A189C} = {E89A2F7A-0448-E749-C7CF-65632820F9C1}
		{0A66248B-46CA-4E16-81CE-4D90D56761CC} = {E89A2F7A-0448-E749-C7CF-65632820F9C1}
		{94B2B18E-EAE7-416B-89CC-679F46C8EBF2} = {E89A2F7A-0448-E749-C7CF-65632820F9C1}
		{871C76CA-E3AB-4FF9-AD12-8FE24EB1473A} = {362B53DA-4DF9-E3E9-0B35-1FDA6110D520}
		{758088D0-CD58-4E79-838F-58EA2B692B25} = {2C9E502E-D04B-3D3D-DCF5-AD1D46DACA15}
		{F0225838-2AF1-4C9B-8CB6-F899260B45E5} = {2C9E502E-D04B-3D3D-DCF5-AD1D46DACA15}
		{B606D278-4665-4AF3-84E0-C550A3EBD0A7} = {362B53DA-4DF9-E3E9-0B35-1FDA6110D520}
		{0B376C21-3DAE-4BFF-BD78-689447498D73} = {362B53DA-4DF9-E3E9-0B35-1FDA6110D520}
		{1597D528-9859-4CBA-92D8-D108960ABFD9} = {362B53DA-4DF9-E3E9-0B35-1FDA6110D520}
	EndGlobalSection
	GlobalSection(ExtensibilityGlobals) = postSolution
		SolutionGuid = {5BC7E5D8-719F-4E6F-A356-F8DCE8AC5702}
	EndGlobalSection
EndGlobal
